
Microsoft Visual Studio Solution File, Format Version 12.00
# Visual Studio Version 17
VisualStudioVersion = 17.8.34511.84
MinimumVisualStudioVersion = 10.0.40219.1
Project("{FAE04EC0-301F-11D3-BF4B-00C04F79EFBC}") = "CarepatronHealthcareProvider.Api", "CarepatronHealthcareProvider.Api\CarepatronHealthcareProvider.Api.csproj", "{12D8AC7D-6038-41EC-B324-1CA5EDB85E53}"
EndProject
Project("{FAE04EC0-301F-11D3-BF4B-00C04F79EFBC}") = "CarepatronHealthcareProvider.Contract", "CarepatronHealthcareProvider.Contract\CarepatronHealthcareProvider.Contract.csproj", "{6B24178D-1F8B-4966-85F8-A38CDE6E6404}"
EndProject
Project("{FAE04EC0-301F-11D3-BF4B-00C04F79EFBC}") = "CarepatronHealthcareProvider.Domain", "CarepatronHealthcareProvider.Domain\CarepatronHealthcareProvider.Domain.csproj", "{F09BDF41-CAF4-473A-941F-C1EF4C9B8FCC}"
EndProject
Project("{FAE04EC0-301F-11D3-BF4B-00C04F79EFBC}") = "CarepatronHealthcareProvider.Data", "CarepatronHealthcareProvider.Data\CarepatronHealthcareProvider.Data.csproj", "{2E7E3634-FA87-4AFD-92BE-0C76E3628922}"
EndProject
Global
	GlobalSection(SolutionConfigurationPlatforms) = preSolution
		Debug|Any CPU = Debug|Any CPU
		Release|Any CPU = Release|Any CPU
	EndGlobalSection
	GlobalSection(ProjectConfigurationPlatforms) = postSolution
		{12D8AC7D-6038-41EC-B324-1CA5EDB85E53}.Debug|Any CPU.ActiveCfg = Debug|Any CPU
		{12D8AC7D-6038-41EC-B324-1CA5EDB85E53}.Debug|Any CPU.Build.0 = Debug|Any CPU
		{12D8AC7D-6038-41EC-B324-1CA5EDB85E53}.Release|Any CPU.ActiveCfg = Release|Any CPU
		{12D8AC7D-6038-41EC-B324-1CA5EDB85E53}.Release|Any CPU.Build.0 = Release|Any CPU
		{6B24178D-1F8B-4966-85F8-A38CDE6E6404}.Debug|Any CPU.ActiveCfg = Debug|Any CPU
		{6B24178D-1F8B-4966-85F8-A38CDE6E6404}.Debug|Any CPU.Build.0 = Debug|Any CPU
		{6B24178D-1F8B-4966-85F8-A38CDE6E6404}.Release|Any CPU.ActiveCfg = Release|Any CPU
		{6B24178D-1F8B-4966-85F8-A38CDE6E6404}.Release|Any CPU.Build.0 = Release|Any CPU
		{F09BDF41-CAF4-473A-941F-C1EF4C9B8FCC}.Debug|Any CPU.ActiveCfg = Debug|Any CPU
		{F09BDF41-CAF4-473A-941F-C1EF4C9B8FCC}.Debug|Any CPU.Build.0 = Debug|Any CPU
		{F09BDF41-CAF4-473A-941F-C1EF4C9B8FCC}.Release|Any CPU.ActiveCfg = Release|Any CPU
		{F09BDF41-CAF4-473A-941F-C1EF4C9B8FCC}.Release|Any CPU.Build.0 = Release|Any CPU
		{2E7E3634-FA87-4AFD-92BE-0C76E3628922}.Debug|Any CPU.ActiveCfg = Debug|Any CPU
		{2E7E3634-FA87-4AFD-92BE-0C76E3628922}.Debug|Any CPU.Build.0 = Debug|Any CPU
		{2E7E3634-FA87-4AFD-92BE-0C76E3628922}.Release|Any CPU.ActiveCfg = Release|Any CPU
		{2E7E3634-FA87-4AFD-92BE-0C76E3628922}.Release|Any CPU.Build.0 = Release|Any CPU
	EndGlobalSection
	GlobalSection(SolutionProperties) = preSolution
		HideSolutionNode = FALSE
	EndGlobalSection
	GlobalSection(ExtensibilityGlobals) = postSolution
		SolutionGuid = {77DDF161-A1BE-4A63-9001-B3C22A625F41}
	EndGlobalSection
EndGlobal
